
Microsoft Visual Studio Solution File, Format Version 12.00
# Visual Studio Version 17
VisualStudioVersion = 17.13.35825.156 d17.13
MinimumVisualStudioVersion = 10.0.40219.1
Project("{FAE04EC0-301F-11D3-BF4B-00C04F79EFBC}") = "backend", "backend\backend.csproj", "{34317AAB-60C2-42C3-98F8-B703968BD3AD}"
EndProject
Global
	GlobalSection(SolutionConfigurationPlatforms) = preSolution
		Debug|Any CPU = Debug|Any CPU
		Release|Any CPU = Release|Any CPU
	EndGlobalSection
	GlobalSection(ProjectConfigurationPlatforms) = postSolution
		{34317AAB-60C2-42C3-98F8-B703968BD3AD}.Debug|Any CPU.ActiveCfg = Debug|Any CPU
		{34317AAB-60C2-42C3-98F8-B703968BD3AD}.Debug|Any CPU.Build.0 = Debug|Any CPU
		{34317AAB-60C2-42C3-98F8-B703968BD3AD}.Release|Any CPU.ActiveCfg = Release|Any CPU
		{34317AAB-60C2-42C3-98F8-B703968BD3AD}.Release|Any CPU.Build.0 = Release|Any CPU
	EndGlobalSection
	GlobalSection(SolutionProperties) = preSolution
		HideSolutionNode = FALSE
	EndGlobalSection
	GlobalSection(ExtensibilityGlobals) = postSolution
		SolutionGuid = {51AA17C7-596D-42B6-8820-D38789DC4743}
	EndGlobalSection
EndGlobal
